
Microsoft Visual Studio Solution File, Format Version 12.00
# Visual Studio 15
VisualStudioVersion = 15.0.26430.12
MinimumVisualStudioVersion = 10.0.40219.1
Project("{FAE04EC0-301F-11D3-BF4B-00C04F79EFBC}") = "Sharit.Android", "Sharit\Sharit.Android\Sharit.Android.csproj", "{B4225993-8917-4A24-BD44-F239582040B5}"
EndProject
Project("{FAE04EC0-301F-11D3-BF4B-00C04F79EFBC}") = "Sharit", "Sharit\Sharit\Sharit.csproj", "{799A8DAD-2396-4B0D-8A82-9D4F8A81EE01}"
EndProject
Project("{FAE04EC0-301F-11D3-BF4B-00C04F79EFBC}") = "Sharit.UWP", "Sharit\Sharit.UWP\Sharit.UWP.csproj", "{2475854D-0CFB-418F-B70A-F1C080A82BB0}"
EndProject
Project("{FAE04EC0-301F-11D3-BF4B-00C04F79EFBC}") = "Sharit.iOS", "Sharit\Sharit.iOS\Sharit.iOS.csproj", "{F3883C15-62C2-4960-BD1D-9B01644E6B22}"
EndProject
Project("{2150E333-8FDC-42A3-9474-1A3956D46DE8}") = "BackEnd", "BackEnd", "{3F00333B-5079-4691-B228-6E2C2A668F65}"
EndProject
Project("{2150E333-8FDC-42A3-9474-1A3956D46DE8}") = "App", "App", "{60661361-9004-4B61-84F8-8234DA6DAFCC}"
EndProject
Project("{FAE04EC0-301F-11D3-BF4B-00C04F79EFBC}") = "Sharit.Azure.Backend", "Sharit.Azure.Backend\Sharit.Azure.Backend.csproj", "{EC8BB6EB-96CC-4E96-BEB5-D5C292CC37AC}"
EndProject
Global
	GlobalSection(SolutionConfigurationPlatforms) = preSolution
		Ad-Hoc|Any CPU = Ad-Hoc|Any CPU
		Ad-Hoc|ARM = Ad-Hoc|ARM
		Ad-Hoc|iPhone = Ad-Hoc|iPhone
		Ad-Hoc|iPhoneSimulator = Ad-Hoc|iPhoneSimulator
		Ad-Hoc|x64 = Ad-Hoc|x64
		Ad-Hoc|x86 = Ad-Hoc|x86
		AppStore|Any CPU = AppStore|Any CPU
		AppStore|ARM = AppStore|ARM
		AppStore|iPhone = AppStore|iPhone
		AppStore|iPhoneSimulator = AppStore|iPhoneSimulator
		AppStore|x64 = AppStore|x64
		AppStore|x86 = AppStore|x86
		Debug|Any CPU = Debug|Any CPU
		Debug|ARM = Debug|ARM
		Debug|iPhone = Debug|iPhone
		Debug|iPhoneSimulator = Debug|iPhoneSimulator
		Debug|x64 = Debug|x64
		Debug|x86 = Debug|x86
		Release|Any CPU = Release|Any CPU
		Release|ARM = Release|ARM
		Release|iPhone = Release|iPhone
		Release|iPhoneSimulator = Release|iPhoneSimulator
		Release|x64 = Release|x64
		Release|x86 = Release|x86
	EndGlobalSection
	GlobalSection(ProjectConfigurationPlatforms) = postSolution
		{B4225993-8917-4A24-BD44-F239582040B5}.Ad-Hoc|Any CPU.ActiveCfg = Release|Any CPU
		{B4225993-8917-4A24-BD44-F239582040B5}.Ad-Hoc|Any CPU.Build.0 = Release|Any CPU
		{B4225993-8917-4A24-BD44-F239582040B5}.Ad-Hoc|Any CPU.Deploy.0 = Release|Any CPU
		{B4225993-8917-4A24-BD44-F239582040B5}.Ad-Hoc|ARM.ActiveCfg = Release|Any CPU
		{B4225993-8917-4A24-BD44-F239582040B5}.Ad-Hoc|ARM.Build.0 = Release|Any CPU
		{B4225993-8917-4A24-BD44-F239582040B5}.Ad-Hoc|ARM.Deploy.0 = Release|Any CPU
		{B4225993-8917-4A24-BD44-F239582040B5}.Ad-Hoc|iPhone.ActiveCfg = Release|Any CPU
		{B4225993-8917-4A24-BD44-F239582040B5}.Ad-Hoc|iPhone.Build.0 = Release|Any CPU
		{B4225993-8917-4A24-BD44-F239582040B5}.Ad-Hoc|iPhone.Deploy.0 = Release|Any CPU
		{B4225993-8917-4A24-BD44-F239582040B5}.Ad-Hoc|iPhoneSimulator.ActiveCfg = Release|Any CPU
		{B4225993-8917-4A24-BD44-F239582040B5}.Ad-Hoc|iPhoneSimulator.Build.0 = Release|Any CPU
		{B4225993-8917-4A24-BD44-F239582040B5}.Ad-Hoc|iPhoneSimulator.Deploy.0 = Release|Any CPU
		{B4225993-8917-4A24-BD44-F239582040B5}.Ad-Hoc|x64.ActiveCfg = Release|Any CPU
		{B4225993-8917-4A24-BD44-F239582040B5}.Ad-Hoc|x64.Build.0 = Release|Any CPU
		{B4225993-8917-4A24-BD44-F239582040B5}.Ad-Hoc|x64.Deploy.0 = Release|Any CPU
		{B4225993-8917-4A24-BD44-F239582040B5}.Ad-Hoc|x86.ActiveCfg = Release|Any CPU
		{B4225993-8917-4A24-BD44-F239582040B5}.Ad-Hoc|x86.Build.0 = Release|Any CPU
		{B4225993-8917-4A24-BD44-F239582040B5}.Ad-Hoc|x86.Deploy.0 = Release|Any CPU
		{B4225993-8917-4A24-BD44-F239582040B5}.AppStore|Any CPU.ActiveCfg = Release|Any CPU
		{B4225993-8917-4A24-BD44-F239582040B5}.AppStore|Any CPU.Build.0 = Release|Any CPU
		{B4225993-8917-4A24-BD44-F239582040B5}.AppStore|Any CPU.Deploy.0 = Release|Any CPU
		{B4225993-8917-4A24-BD44-F239582040B5}.AppStore|ARM.ActiveCfg = Release|Any CPU
		{B4225993-8917-4A24-BD44-F239582040B5}.AppStore|ARM.Build.0 = Release|Any CPU
		{B4225993-8917-4A24-BD44-F239582040B5}.AppStore|ARM.Deploy.0 = Release|Any CPU
		{B4225993-8917-4A24-BD44-F239582040B5}.AppStore|iPhone.ActiveCfg = Release|Any CPU
		{B4225993-8917-4A24-BD44-F239582040B5}.AppStore|iPhone.Build.0 = Release|Any CPU
		{B4225993-8917-4A24-BD44-F239582040B5}.AppStore|iPhone.Deploy.0 = Release|Any CPU
		{B4225993-8917-4A24-BD44-F239582040B5}.AppStore|iPhoneSimulator.ActiveCfg = Release|Any CPU
		{B4225993-8917-4A24-BD44-F239582040B5}.AppStore|iPhoneSimulator.Build.0 = Release|Any CPU
		{B4225993-8917-4A24-BD44-F239582040B5}.AppStore|iPhoneSimulator.Deploy.0 = Release|Any CPU
		{B4225993-8917-4A24-BD44-F239582040B5}.AppStore|x64.ActiveCfg = Release|Any CPU
		{B4225993-8917-4A24-BD44-F239582040B5}.AppStore|x64.Build.0 = Release|Any CPU
		{B4225993-8917-4A24-BD44-F239582040B5}.AppStore|x64.Deploy.0 = Release|Any CPU
		{B4225993-8917-4A24-BD44-F239582040B5}.AppStore|x86.ActiveCfg = Release|Any CPU
		{B4225993-8917-4A24-BD44-F239582040B5}.AppStore|x86.Build.0 = Release|Any CPU
		{B4225993-8917-4A24-BD44-F239582040B5}.AppStore|x86.Deploy.0 = Release|Any CPU
		{B4225993-8917-4A24-BD44-F239582040B5}.Debug|Any CPU.ActiveCfg = Debug|Any CPU
		{B4225993-8917-4A24-BD44-F239582040B5}.Debug|Any CPU.Build.0 = Debug|Any CPU
		{B4225993-8917-4A24-BD44-F239582040B5}.Debug|Any CPU.Deploy.0 = Debug|Any CPU
		{B4225993-8917-4A24-BD44-F239582040B5}.Debug|ARM.ActiveCfg = Debug|Any CPU
		{B4225993-8917-4A24-BD44-F239582040B5}.Debug|ARM.Build.0 = Debug|Any CPU
		{B4225993-8917-4A24-BD44-F239582040B5}.Debug|ARM.Deploy.0 = Debug|Any CPU
		{B4225993-8917-4A24-BD44-F239582040B5}.Debug|iPhone.ActiveCfg = Debug|Any CPU
		{B4225993-8917-4A24-BD44-F239582040B5}.Debug|iPhone.Build.0 = Debug|Any CPU
		{B4225993-8917-4A24-BD44-F239582040B5}.Debug|iPhone.Deploy.0 = Debug|Any CPU
		{B4225993-8917-4A24-BD44-F239582040B5}.Debug|iPhoneSimulator.ActiveCfg = Debug|Any CPU
		{B4225993-8917-4A24-BD44-F239582040B5}.Debug|iPhoneSimulator.Build.0 = Debug|Any CPU
		{B4225993-8917-4A24-BD44-F239582040B5}.Debug|iPhoneSimulator.Deploy.0 = Debug|Any CPU
		{B4225993-8917-4A24-BD44-F239582040B5}.Debug|x64.ActiveCfg = Debug|Any CPU
		{B4225993-8917-4A24-BD44-F239582040B5}.Debug|x64.Build.0 = Debug|Any CPU
		{B4225993-8917-4A24-BD44-F239582040B5}.Debug|x64.Deploy.0 = Debug|Any CPU
		{B4225993-8917-4A24-BD44-F239582040B5}.Debug|x86.ActiveCfg = Debug|Any CPU
		{B4225993-8917-4A24-BD44-F239582040B5}.Debug|x86.Build.0 = Debug|Any CPU
		{B4225993-8917-4A24-BD44-F239582040B5}.Debug|x86.Deploy.0 = Debug|Any CPU
		{B4225993-8917-4A24-BD44-F239582040B5}.Release|Any CPU.ActiveCfg = Release|Any CPU
		{B4225993-8917-4A24-BD44-F239582040B5}.Release|Any CPU.Build.0 = Release|Any CPU
		{B4225993-8917-4A24-BD44-F239582040B5}.Release|Any CPU.Deploy.0 = Release|Any CPU
		{B4225993-8917-4A24-BD44-F239582040B5}.Release|ARM.ActiveCfg = Release|Any CPU
		{B4225993-8917-4A24-BD44-F239582040B5}.Release|ARM.Build.0 = Release|Any CPU
		{B4225993-8917-4A24-BD44-F239582040B5}.Release|ARM.Deploy.0 = Release|Any CPU
		{B4225993-8917-4A24-BD44-F239582040B5}.Release|iPhone.ActiveCfg = Release|Any CPU
		{B4225993-8917-4A24-BD44-F239582040B5}.Release|iPhone.Build.0 = Release|Any CPU
		{B4225993-8917-4A24-BD44-F239582040B5}.Release|iPhone.Deploy.0 = Release|Any CPU
		{B4225993-8917-4A24-BD44-F239582040B5}.Release|iPhoneSimulator.ActiveCfg = Release|Any CPU
		{B4225993-8917-4A24-BD44-F239582040B5}.Release|iPhoneSimulator.Build.0 = Release|Any CPU
		{B4225993-8917-4A24-BD44-F239582040B5}.Release|iPhoneSimulator.Deploy.0 = Release|Any CPU
		{B4225993-8917-4A24-BD44-F239582040B5}.Release|x64.ActiveCfg = Release|Any CPU
		{B4225993-8917-4A24-BD44-F239582040B5}.Release|x64.Build.0 = Release|Any CPU
		{B4225993-8917-4A24-BD44-F239582040B5}.Release|x64.Deploy.0 = Release|Any CPU
		{B4225993-8917-4A24-BD44-F239582040B5}.Release|x86.ActiveCfg = Release|Any CPU
		{B4225993-8917-4A24-BD44-F239582040B5}.Release|x86.Build.0 = Release|Any CPU
		{B4225993-8917-4A24-BD44-F239582040B5}.Release|x86.Deploy.0 = Release|Any CPU
		{799A8DAD-2396-4B0D-8A82-9D4F8A81EE01}.Ad-Hoc|Any CPU.ActiveCfg = Release|Any CPU
		{799A8DAD-2396-4B0D-8A82-9D4F8A81EE01}.Ad-Hoc|Any CPU.Build.0 = Release|Any CPU
		{799A8DAD-2396-4B0D-8A82-9D4F8A81EE01}.Ad-Hoc|ARM.ActiveCfg = Release|Any CPU
		{799A8DAD-2396-4B0D-8A82-9D4F8A81EE01}.Ad-Hoc|ARM.Build.0 = Release|Any CPU
		{799A8DAD-2396-4B0D-8A82-9D4F8A81EE01}.Ad-Hoc|iPhone.ActiveCfg = Release|Any CPU
		{799A8DAD-2396-4B0D-8A82-9D4F8A81EE01}.Ad-Hoc|iPhone.Build.0 = Release|Any CPU
		{799A8DAD-2396-4B0D-8A82-9D4F8A81EE01}.Ad-Hoc|iPhoneSimulator.ActiveCfg = Release|Any CPU
		{799A8DAD-2396-4B0D-8A82-9D4F8A81EE01}.Ad-Hoc|iPhoneSimulator.Build.0 = Release|Any CPU
		{799A8DAD-2396-4B0D-8A82-9D4F8A81EE01}.Ad-Hoc|x64.ActiveCfg = Release|Any CPU
		{799A8DAD-2396-4B0D-8A82-9D4F8A81EE01}.Ad-Hoc|x64.Build.0 = Release|Any CPU
		{799A8DAD-2396-4B0D-8A82-9D4F8A81EE01}.Ad-Hoc|x86.ActiveCfg = Release|Any CPU
		{799A8DAD-2396-4B0D-8A82-9D4F8A81EE01}.Ad-Hoc|x86.Build.0 = Release|Any CPU
		{799A8DAD-2396-4B0D-8A82-9D4F8A81EE01}.AppStore|Any CPU.ActiveCfg = Release|Any CPU
		{799A8DAD-2396-4B0D-8A82-9D4F8A81EE01}.AppStore|Any CPU.Build.0 = Release|Any CPU
		{799A8DAD-2396-4B0D-8A82-9D4F8A81EE01}.AppStore|ARM.ActiveCfg = Release|Any CPU
		{799A8DAD-2396-4B0D-8A82-9D4F8A81EE01}.AppStore|ARM.Build.0 = Release|Any CPU
		{799A8DAD-2396-4B0D-8A82-9D4F8A81EE01}.AppStore|iPhone.ActiveCfg = Release|Any CPU
		{799A8DAD-2396-4B0D-8A82-9D4F8A81EE01}.AppStore|iPhone.Build.0 = Release|Any CPU
		{799A8DAD-2396-4B0D-8A82-9D4F8A81EE01}.AppStore|iPhoneSimulator.ActiveCfg = Release|Any CPU
		{799A8DAD-2396-4B0D-8A82-9D4F8A81EE01}.AppStore|iPhoneSimulator.Build.0 = Release|Any CPU
		{799A8DAD-2396-4B0D-8A82-9D4F8A81EE01}.AppStore|x64.ActiveCfg = Release|Any CPU
		{799A8DAD-2396-4B0D-8A82-9D4F8A81EE01}.AppStore|x64.Build.0 = Release|Any CPU
		{799A8DAD-2396-4B0D-8A82-9D4F8A81EE01}.AppStore|x86.ActiveCfg = Release|Any CPU
		{799A8DAD-2396-4B0D-8A82-9D4F8A81EE01}.AppStore|x86.Build.0 = Release|Any CPU
		{799A8DAD-2396-4B0D-8A82-9D4F8A81EE01}.Debug|Any CPU.ActiveCfg = Debug|Any CPU
		{799A8DAD-2396-4B0D-8A82-9D4F8A81EE01}.Debug|Any CPU.Build.0 = Debug|Any CPU
		{799A8DAD-2396-4B0D-8A82-9D4F8A81EE01}.Debug|ARM.ActiveCfg = Debug|Any CPU
		{799A8DAD-2396-4B0D-8A82-9D4F8A81EE01}.Debug|ARM.Build.0 = Debug|Any CPU
		{799A8DAD-2396-4B0D-8A82-9D4F8A81EE01}.Debug|iPhone.ActiveCfg = Debug|Any CPU
		{799A8DAD-2396-4B0D-8A82-9D4F8A81EE01}.Debug|iPhone.Build.0 = Debug|Any CPU
		{799A8DAD-2396-4B0D-8A82-9D4F8A81EE01}.Debug|iPhoneSimulator.ActiveCfg = Debug|Any CPU
		{799A8DAD-2396-4B0D-8A82-9D4F8A81EE01}.Debug|iPhoneSimulator.Build.0 = Debug|Any CPU
		{799A8DAD-2396-4B0D-8A82-9D4F8A81EE01}.Debug|x64.ActiveCfg = Debug|Any CPU
		{799A8DAD-2396-4B0D-8A82-9D4F8A81EE01}.Debug|x64.Build.0 = Debug|Any CPU
		{799A8DAD-2396-4B0D-8A82-9D4F8A81EE01}.Debug|x86.ActiveCfg = Debug|Any CPU
		{799A8DAD-2396-4B0D-8A82-9D4F8A81EE01}.Debug|x86.Build.0 = Debug|Any CPU
		{799A8DAD-2396-4B0D-8A82-9D4F8A81EE01}.Release|Any CPU.ActiveCfg = Release|Any CPU
		{799A8DAD-2396-4B0D-8A82-9D4F8A81EE01}.Release|Any CPU.Build.0 = Release|Any CPU
		{799A8DAD-2396-4B0D-8A82-9D4F8A81EE01}.Release|ARM.ActiveCfg = Release|Any CPU
		{799A8DAD-2396-4B0D-8A82-9D4F8A81EE01}.Release|ARM.Build.0 = Release|Any CPU
		{799A8DAD-2396-4B0D-8A82-9D4F8A81EE01}.Release|iPhone.ActiveCfg = Release|Any CPU
		{799A8DAD-2396-4B0D-8A82-9D4F8A81EE01}.Release|iPhone.Build.0 = Release|Any CPU
		{799A8DAD-2396-4B0D-8A82-9D4F8A81EE01}.Release|iPhoneSimulator.ActiveCfg = Release|Any CPU
		{799A8DAD-2396-4B0D-8A82-9D4F8A81EE01}.Release|iPhoneSimulator.Build.0 = Release|Any CPU
		{799A8DAD-2396-4B0D-8A82-9D4F8A81EE01}.Release|x64.ActiveCfg = Release|Any CPU
		{799A8DAD-2396-4B0D-8A82-9D4F8A81EE01}.Release|x64.Build.0 = Release|Any CPU
		{799A8DAD-2396-4B0D-8A82-9D4F8A81EE01}.Release|x86.ActiveCfg = Release|Any CPU
		{799A8DAD-2396-4B0D-8A82-9D4F8A81EE01}.Release|x86.Build.0 = Release|Any CPU
		{2475854D-0CFB-418F-B70A-F1C080A82BB0}.Ad-Hoc|Any CPU.ActiveCfg = Release|x86
		{2475854D-0CFB-418F-B70A-F1C080A82BB0}.Ad-Hoc|Any CPU.Build.0 = Release|x86
		{2475854D-0CFB-418F-B70A-F1C080A82BB0}.Ad-Hoc|Any CPU.Deploy.0 = Release|x86
		{2475854D-0CFB-418F-B70A-F1C080A82BB0}.Ad-Hoc|ARM.ActiveCfg = Release|ARM
		{2475854D-0CFB-418F-B70A-F1C080A82BB0}.Ad-Hoc|ARM.Build.0 = Release|ARM
		{2475854D-0CFB-418F-B70A-F1C080A82BB0}.Ad-Hoc|ARM.Deploy.0 = Release|ARM
		{2475854D-0CFB-418F-B70A-F1C080A82BB0}.Ad-Hoc|iPhone.ActiveCfg = Release|x86
		{2475854D-0CFB-418F-B70A-F1C080A82BB0}.Ad-Hoc|iPhone.Build.0 = Release|x86
		{2475854D-0CFB-418F-B70A-F1C080A82BB0}.Ad-Hoc|iPhone.Deploy.0 = Release|x86
		{2475854D-0CFB-418F-B70A-F1C080A82BB0}.Ad-Hoc|iPhoneSimulator.ActiveCfg = Release|x86
		{2475854D-0CFB-418F-B70A-F1C080A82BB0}.Ad-Hoc|iPhoneSimulator.Build.0 = Release|x86
		{2475854D-0CFB-418F-B70A-F1C080A82BB0}.Ad-Hoc|iPhoneSimulator.Deploy.0 = Release|x86
		{2475854D-0CFB-418F-B70A-F1C080A82BB0}.Ad-Hoc|x64.ActiveCfg = Release|x64
		{2475854D-0CFB-418F-B70A-F1C080A82BB0}.Ad-Hoc|x64.Build.0 = Release|x64
		{2475854D-0CFB-418F-B70A-F1C080A82BB0}.Ad-Hoc|x64.Deploy.0 = Release|x64
		{2475854D-0CFB-418F-B70A-F1C080A82BB0}.Ad-Hoc|x86.ActiveCfg = Release|x86
		{2475854D-0CFB-418F-B70A-F1C080A82BB0}.Ad-Hoc|x86.Build.0 = Release|x86
		{2475854D-0CFB-418F-B70A-F1C080A82BB0}.Ad-Hoc|x86.Deploy.0 = Release|x86
		{2475854D-0CFB-418F-B70A-F1C080A82BB0}.AppStore|Any CPU.ActiveCfg = Release|x86
		{2475854D-0CFB-418F-B70A-F1C080A82BB0}.AppStore|Any CPU.Build.0 = Release|x86
		{2475854D-0CFB-418F-B70A-F1C080A82BB0}.AppStore|Any CPU.Deploy.0 = Release|x86
		{2475854D-0CFB-418F-B70A-F1C080A82BB0}.AppStore|ARM.ActiveCfg = Release|ARM
		{2475854D-0CFB-418F-B70A-F1C080A82BB0}.AppStore|ARM.Build.0 = Release|ARM
		{2475854D-0CFB-418F-B70A-F1C080A82BB0}.AppStore|ARM.Deploy.0 = Release|ARM
		{2475854D-0CFB-418F-B70A-F1C080A82BB0}.AppStore|iPhone.ActiveCfg = Release|x86
		{2475854D-0CFB-418F-B70A-F1C080A82BB0}.AppStore|iPhone.Build.0 = Release|x86
		{2475854D-0CFB-418F-B70A-F1C080A82BB0}.AppStore|iPhone.Deploy.0 = Release|x86
		{2475854D-0CFB-418F-B70A-F1C080A82BB0}.AppStore|iPhoneSimulator.ActiveCfg = Release|x86
		{2475854D-0CFB-418F-B70A-F1C080A82BB0}.AppStore|iPhoneSimulator.Build.0 = Release|x86
		{2475854D-0CFB-418F-B70A-F1C080A82BB0}.AppStore|iPhoneSimulator.Deploy.0 = Release|x86
		{2475854D-0CFB-418F-B70A-F1C080A82BB0}.AppStore|x64.ActiveCfg = Release|x64
		{2475854D-0CFB-418F-B70A-F1C080A82BB0}.AppStore|x64.Build.0 = Release|x64
		{2475854D-0CFB-418F-B70A-F1C080A82BB0}.AppStore|x64.Deploy.0 = Release|x64
		{2475854D-0CFB-418F-B70A-F1C080A82BB0}.AppStore|x86.ActiveCfg = Release|x86
		{2475854D-0CFB-418F-B70A-F1C080A82BB0}.AppStore|x86.Build.0 = Release|x86
		{2475854D-0CFB-418F-B70A-F1C080A82BB0}.AppStore|x86.Deploy.0 = Release|x86
		{2475854D-0CFB-418F-B70A-F1C080A82BB0}.Debug|Any CPU.ActiveCfg = Debug|x86
		{2475854D-0CFB-418F-B70A-F1C080A82BB0}.Debug|ARM.ActiveCfg = Debug|ARM
		{2475854D-0CFB-418F-B70A-F1C080A82BB0}.Debug|ARM.Build.0 = Debug|ARM
		{2475854D-0CFB-418F-B70A-F1C080A82BB0}.Debug|ARM.Deploy.0 = Debug|ARM
		{2475854D-0CFB-418F-B70A-F1C080A82BB0}.Debug|iPhone.ActiveCfg = Debug|x86
		{2475854D-0CFB-418F-B70A-F1C080A82BB0}.Debug|iPhoneSimulator.ActiveCfg = Debug|x86
		{2475854D-0CFB-418F-B70A-F1C080A82BB0}.Debug|x64.ActiveCfg = Debug|x64
		{2475854D-0CFB-418F-B70A-F1C080A82BB0}.Debug|x64.Build.0 = Debug|x64
		{2475854D-0CFB-418F-B70A-F1C080A82BB0}.Debug|x64.Deploy.0 = Debug|x64
		{2475854D-0CFB-418F-B70A-F1C080A82BB0}.Debug|x86.ActiveCfg = Debug|x86
		{2475854D-0CFB-418F-B70A-F1C080A82BB0}.Debug|x86.Build.0 = Debug|x86
		{2475854D-0CFB-418F-B70A-F1C080A82BB0}.Debug|x86.Deploy.0 = Debug|x86
		{2475854D-0CFB-418F-B70A-F1C080A82BB0}.Release|Any CPU.ActiveCfg = Release|x86
		{2475854D-0CFB-418F-B70A-F1C080A82BB0}.Release|ARM.ActiveCfg = Release|ARM
		{2475854D-0CFB-418F-B70A-F1C080A82BB0}.Release|ARM.Build.0 = Release|ARM
		{2475854D-0CFB-418F-B70A-F1C080A82BB0}.Release|ARM.Deploy.0 = Release|ARM
		{2475854D-0CFB-418F-B70A-F1C080A82BB0}.Release|iPhone.ActiveCfg = Release|x86
		{2475854D-0CFB-418F-B70A-F1C080A82BB0}.Release|iPhoneSimulator.ActiveCfg = Release|x86
		{2475854D-0CFB-418F-B70A-F1C080A82BB0}.Release|x64.ActiveCfg = Release|x64
		{2475854D-0CFB-418F-B70A-F1C080A82BB0}.Release|x64.Build.0 = Release|x64
		{2475854D-0CFB-418F-B70A-F1C080A82BB0}.Release|x64.Deploy.0 = Release|x64
		{2475854D-0CFB-418F-B70A-F1C080A82BB0}.Release|x86.ActiveCfg = Release|x86
		{2475854D-0CFB-418F-B70A-F1C080A82BB0}.Release|x86.Build.0 = Release|x86
		{2475854D-0CFB-418F-B70A-F1C080A82BB0}.Release|x86.Deploy.0 = Release|x86
		{F3883C15-62C2-4960-BD1D-9B01644E6B22}.Ad-Hoc|Any CPU.ActiveCfg = Ad-Hoc|iPhone
		{F3883C15-62C2-4960-BD1D-9B01644E6B22}.Ad-Hoc|ARM.ActiveCfg = Ad-Hoc|iPhone
		{F3883C15-62C2-4960-BD1D-9B01644E6B22}.Ad-Hoc|iPhone.ActiveCfg = Ad-Hoc|iPhone
		{F3883C15-62C2-4960-BD1D-9B01644E6B22}.Ad-Hoc|iPhone.Build.0 = Ad-Hoc|iPhone
		{F3883C15-62C2-4960-BD1D-9B01644E6B22}.Ad-Hoc|iPhoneSimulator.ActiveCfg = Ad-Hoc|iPhoneSimulator
		{F3883C15-62C2-4960-BD1D-9B01644E6B22}.Ad-Hoc|iPhoneSimulator.Build.0 = Ad-Hoc|iPhoneSimulator
		{F3883C15-62C2-4960-BD1D-9B01644E6B22}.Ad-Hoc|x64.ActiveCfg = Ad-Hoc|iPhone
		{F3883C15-62C2-4960-BD1D-9B01644E6B22}.Ad-Hoc|x86.ActiveCfg = Ad-Hoc|iPhone
		{F3883C15-62C2-4960-BD1D-9B01644E6B22}.AppStore|Any CPU.ActiveCfg = AppStore|iPhone
		{F3883C15-62C2-4960-BD1D-9B01644E6B22}.AppStore|ARM.ActiveCfg = AppStore|iPhone
		{F3883C15-62C2-4960-BD1D-9B01644E6B22}.AppStore|iPhone.ActiveCfg = AppStore|iPhone
		{F3883C15-62C2-4960-BD1D-9B01644E6B22}.AppStore|iPhone.Build.0 = AppStore|iPhone
		{F3883C15-62C2-4960-BD1D-9B01644E6B22}.AppStore|iPhoneSimulator.ActiveCfg = AppStore|iPhoneSimulator
		{F3883C15-62C2-4960-BD1D-9B01644E6B22}.AppStore|iPhoneSimulator.Build.0 = AppStore|iPhoneSimulator
		{F3883C15-62C2-4960-BD1D-9B01644E6B22}.AppStore|x64.ActiveCfg = AppStore|iPhone
		{F3883C15-62C2-4960-BD1D-9B01644E6B22}.AppStore|x86.ActiveCfg = AppStore|iPhone
		{F3883C15-62C2-4960-BD1D-9B01644E6B22}.Debug|Any CPU.ActiveCfg = Debug|iPhone
		{F3883C15-62C2-4960-BD1D-9B01644E6B22}.Debug|ARM.ActiveCfg = Debug|iPhone
		{F3883C15-62C2-4960-BD1D-9B01644E6B22}.Debug|iPhone.ActiveCfg = Debug|iPhone
		{F3883C15-62C2-4960-BD1D-9B01644E6B22}.Debug|iPhone.Build.0 = Debug|iPhone
		{F3883C15-62C2-4960-BD1D-9B01644E6B22}.Debug|iPhoneSimulator.ActiveCfg = Debug|iPhoneSimulator
		{F3883C15-62C2-4960-BD1D-9B01644E6B22}.Debug|iPhoneSimulator.Build.0 = Debug|iPhoneSimulator
		{F3883C15-62C2-4960-BD1D-9B01644E6B22}.Debug|x64.ActiveCfg = Debug|iPhone
		{F3883C15-62C2-4960-BD1D-9B01644E6B22}.Debug|x86.ActiveCfg = Debug|iPhone
		{F3883C15-62C2-4960-BD1D-9B01644E6B22}.Release|Any CPU.ActiveCfg = Release|iPhone
		{F3883C15-62C2-4960-BD1D-9B01644E6B22}.Release|ARM.ActiveCfg = Release|iPhone
		{F3883C15-62C2-4960-BD1D-9B01644E6B22}.Release|iPhone.ActiveCfg = Release|iPhone
		{F3883C15-62C2-4960-BD1D-9B01644E6B22}.Release|iPhone.Build.0 = Release|iPhone
		{F3883C15-62C2-4960-BD1D-9B01644E6B22}.Release|iPhoneSimulator.ActiveCfg = Release|iPhoneSimulator
		{F3883C15-62C2-4960-BD1D-9B01644E6B22}.Release|iPhoneSimulator.Build.0 = Release|iPhoneSimulator
		{F3883C15-62C2-4960-BD1D-9B01644E6B22}.Release|x64.ActiveCfg = Release|iPhone
		{F3883C15-62C2-4960-BD1D-9B01644E6B22}.Release|x86.ActiveCfg = Release|iPhone
		{EC8BB6EB-96CC-4E96-BEB5-D5C292CC37AC}.Ad-Hoc|Any CPU.ActiveCfg = Release|Any CPU
		{EC8BB6EB-96CC-4E96-BEB5-D5C292CC37AC}.Ad-Hoc|Any CPU.Build.0 = Release|Any CPU
		{EC8BB6EB-96CC-4E96-BEB5-D5C292CC37AC}.Ad-Hoc|ARM.ActiveCfg = Release|Any CPU
		{EC8BB6EB-96CC-4E96-BEB5-D5C292CC37AC}.Ad-Hoc|ARM.Build.0 = Release|Any CPU
		{EC8BB6EB-96CC-4E96-BEB5-D5C292CC37AC}.Ad-Hoc|iPhone.ActiveCfg = Release|Any CPU
		{EC8BB6EB-96CC-4E96-BEB5-D5C292CC37AC}.Ad-Hoc|iPhone.Build.0 = Release|Any CPU
		{EC8BB6EB-96CC-4E96-BEB5-D5C292CC37AC}.Ad-Hoc|iPhoneSimulator.ActiveCfg = Release|Any CPU
		{EC8BB6EB-96CC-4E96-BEB5-D5C292CC37AC}.Ad-Hoc|iPhoneSimulator.Build.0 = Release|Any CPU
		{EC8BB6EB-96CC-4E96-BEB5-D5C292CC37AC}.Ad-Hoc|x64.ActiveCfg = Release|Any CPU
		{EC8BB6EB-96CC-4E96-BEB5-D5C292CC37AC}.Ad-Hoc|x64.Build.0 = Release|Any CPU
		{EC8BB6EB-96CC-4E96-BEB5-D5C292CC37AC}.Ad-Hoc|x86.ActiveCfg = Release|Any CPU
		{EC8BB6EB-96CC-4E96-BEB5-D5C292CC37AC}.Ad-Hoc|x86.Build.0 = Release|Any CPU
		{EC8BB6EB-96CC-4E96-BEB5-D5C292CC37AC}.AppStore|Any CPU.ActiveCfg = Release|Any CPU
		{EC8BB6EB-96CC-4E96-BEB5-D5C292CC37AC}.AppStore|Any CPU.Build.0 = Release|Any CPU
		{EC8BB6EB-96CC-4E96-BEB5-D5C292CC37AC}.AppStore|ARM.ActiveCfg = Release|Any CPU
		{EC8BB6EB-96CC-4E96-BEB5-D5C292CC37AC}.AppStore|ARM.Build.0 = Release|Any CPU
		{EC8BB6EB-96CC-4E96-BEB5-D5C292CC37AC}.AppStore|iPhone.ActiveCfg = Release|Any CPU
		{EC8BB6EB-96CC-4E96-BEB5-D5C292CC37AC}.AppStore|iPhone.Build.0 = Release|Any CPU
		{EC8BB6EB-96CC-4E96-BEB5-D5C292CC37AC}.AppStore|iPhoneSimulator.ActiveCfg = Release|Any CPU
		{EC8BB6EB-96CC-4E96-BEB5-D5C292CC37AC}.AppStore|iPhoneSimulator.Build.0 = Release|Any CPU
		{EC8BB6EB-96CC-4E96-BEB5-D5C292CC37AC}.AppStore|x64.ActiveCfg = Release|Any CPU
		{EC8BB6EB-96CC-4E96-BEB5-D5C292CC37AC}.AppStore|x64.Build.0 = Release|Any CPU
		{EC8BB6EB-96CC-4E96-BEB5-D5C292CC37AC}.AppStore|x86.ActiveCfg = Release|Any CPU
		{EC8BB6EB-96CC-4E96-BEB5-D5C292CC37AC}.AppStore|x86.Build.0 = Release|Any CPU
		{EC8BB6EB-96CC-4E96-BEB5-D5C292CC37AC}.Debug|Any CPU.ActiveCfg = Debug|Any CPU
		{EC8BB6EB-96CC-4E96-BEB5-D5C292CC37AC}.Debug|Any CPU.Build.0 = Debug|Any CPU
		{EC8BB6EB-96CC-4E96-BEB5-D5C292CC37AC}.Debug|ARM.ActiveCfg = Debug|Any CPU
		{EC8BB6EB-96CC-4E96-BEB5-D5C292CC37AC}.Debug|ARM.Build.0 = Debug|Any CPU
		{EC8BB6EB-96CC-4E96-BEB5-D5C292CC37AC}.Debug|iPhone.ActiveCfg = Debug|Any CPU
		{EC8BB6EB-96CC-4E96-BEB5-D5C292CC37AC}.Debug|iPhone.Build.0 = Debug|Any CPU
		{EC8BB6EB-96CC-4E96-BEB5-D5C292CC37AC}.Debug|iPhoneSimulator.ActiveCfg = Debug|Any CPU
		{EC8BB6EB-96CC-4E96-BEB5-D5C292CC37AC}.Debug|iPhoneSimulator.Build.0 = Debug|Any CPU
		{EC8BB6EB-96CC-4E96-BEB5-D5C292CC37AC}.Debug|x64.ActiveCfg = Debug|Any CPU
		{EC8BB6EB-96CC-4E96-BEB5-D5C292CC37AC}.Debug|x64.Build.0 = Debug|Any CPU
		{EC8BB6EB-96CC-4E96-BEB5-D5C292CC37AC}.Debug|x86.ActiveCfg = Debug|Any CPU
		{EC8BB6EB-96CC-4E96-BEB5-D5C292CC37AC}.Debug|x86.Build.0 = Debug|Any CPU
		{EC8BB6EB-96CC-4E96-BEB5-D5C292CC37AC}.Release|Any CPU.ActiveCfg = Release|Any CPU
		{EC8BB6EB-96CC-4E96-BEB5-D5C292CC37AC}.Release|Any CPU.Build.0 = Release|Any CPU
		{EC8BB6EB-96CC-4E96-BEB5-D5C292CC37AC}.Release|ARM.ActiveCfg = Release|Any CPU
		{EC8BB6EB-96CC-4E96-BEB5-D5C292CC37AC}.Release|ARM.Build.0 = Release|Any CPU
		{EC8BB6EB-96CC-4E96-BEB5-D5C292CC37AC}.Release|iPhone.ActiveCfg = Release|Any CPU
		{EC8BB6EB-96CC-4E96-BEB5-D5C292CC37AC}.Release|iPhone.Build.0 = Release|Any CPU
		{EC8BB6EB-96CC-4E96-BEB5-D5C292CC37AC}.Release|iPhoneSimulator.ActiveCfg = Release|Any CPU
		{EC8BB6EB-96CC-4E96-BEB5-D5C292CC37AC}.Release|iPhoneSimulator.Build.0 = Release|Any CPU
		{EC8BB6EB-96CC-4E96-BEB5-D5C292CC37AC}.Release|x64.ActiveCfg = Release|Any CPU
		{EC8BB6EB-96CC-4E96-BEB5-D5C292CC37AC}.Release|x64.Build.0 = Release|Any CPU
		{EC8BB6EB-96CC-4E96-BEB5-D5C292CC37AC}.Release|x86.ActiveCfg = Release|Any CPU
		{EC8BB6EB-96CC-4E96-BEB5-D5C292CC37AC}.Release|x86.Build.0 = Release|Any CPU
	EndGlobalSection
	GlobalSection(SolutionProperties) = preSolution
		HideSolutionNode = FALSE
	EndGlobalSection
	GlobalSection(NestedProjects) = preSolution
		{B4225993-8917-4A24-BD44-F239582040B5} = {60661361-9004-4B61-84F8-8234DA6DAFCC}
		{799A8DAD-2396-4B0D-8A82-9D4F8A81EE01} = {60661361-9004-4B61-84F8-8234DA6DAFCC}
		{2475854D-0CFB-418F-B70A-F1C080A82BB0} = {60661361-9004-4B61-84F8-8234DA6DAFCC}
		{F3883C15-62C2-4960-BD1D-9B01644E6B22} = {60661361-9004-4B61-84F8-8234DA6DAFCC}
		{EC8BB6EB-96CC-4E96-BEB5-D5C292CC37AC} = {3F00333B-5079-4691-B228-6E2C2A668F65}
	EndGlobalSection
EndGlobal
